
Microsoft Visual Studio Solution File, Format Version 12.00
# Visual Studio Version 16
VisualStudioVersion = 16.0.29306.81
MinimumVisualStudioVersion = 10.0.40219.1
Project("{FAE04EC0-301F-11D3-BF4B-00C04F79EFBC}") = "Addition Tutor (10)", "Addition Tutor (10).csproj", "{252E9BDD-D394-4C35-BA65-994AA85C32AA}"
EndProject
Global
	GlobalSection(SolutionConfigurationPlatforms) = preSolution
		Debug|Any CPU = Debug|Any CPU
		Release|Any CPU = Release|Any CPU
	EndGlobalSection
	GlobalSection(ProjectConfigurationPlatforms) = postSolution
		{252E9BDD-D394-4C35-BA65-994AA85C32AA}.Debug|Any CPU.ActiveCfg = Debug|Any CPU
		{252E9BDD-D394-4C35-BA65-994AA85C32AA}.Debug|Any CPU.Build.0 = Debug|Any CPU
		{252E9BDD-D394-4C35-BA65-994AA85C32AA}.Release|Any CPU.ActiveCfg = Release|Any CPU
		{252E9BDD-D394-4C35-BA65-994AA85C32AA}.Release|Any CPU.Build.0 = Release|Any CPU
	EndGlobalSection
	GlobalSection(SolutionProperties) = preSolution
		HideSolutionNode = FALSE
	EndGlobalSection
	GlobalSection(ExtensibilityGlobals) = postSolution
		SolutionGuid = {1C3BB630-401A-430D-8CBB-F62322694D95}
	EndGlobalSection
EndGlobal
